// !$*UTF8*$!
{
	archiveVersion = 1;
	classes = {
	};
	objectVersion = 56;
	objects = {

/* Begin PBXBuildFile section */
		3BE012A52BF8F87900391547 /* Forms1.swift in Sources */ = {isa = PBXBuildFile; fileRef = 3BE012A42BF8F87900391547 /* Forms1.swift */; };
		3BE012A72BF8F88600391547 /* Forms2.swift in Sources */ = {isa = PBXBuildFile; fileRef = 3BE012A62BF8F88600391547 /* Forms2.swift */; };
		3BE012A92BF8F89000391547 /* Forms3.swift in Sources */ = {isa = PBXBuildFile; fileRef = 3BE012A82BF8F89000391547 /* Forms3.swift */; };
		3BE012AB2BF8F8BC00391547 /* Forms4.swift in Sources */ = {isa = PBXBuildFile; fileRef = 3BE012AA2BF8F8BC00391547 /* Forms4.swift */; };
		3BE012AD2BF8F8FF00391547 /* Home.swift in Sources */ = {isa = PBXBuildFile; fileRef = 3BE012AC2BF8F8FF00391547 /* Home.swift */; };
		3BE012AF2BF8F95A00391547 /* ModalEdition.swift in Sources */ = {isa = PBXBuildFile; fileRef = 3BE012AE2BF8F95A00391547 /* ModalEdition.swift */; };
		3BE012B12BF8FC1D00391547 /* BigList.swift in Sources */ = {isa = PBXBuildFile; fileRef = 3BE012B02BF8FC1D00391547 /* BigList.swift */; };
		3BE012B32BF8FCB000391547 /* Crud.swift in Sources */ = {isa = PBXBuildFile; fileRef = 3BE012B22BF8FCB000391547 /* Crud.swift */; };
		DD52DF362BF67D2600CCC2D1 /* challenge_4App.swift in Sources */ = {isa = PBXBuildFile; fileRef = DD52DF352BF67D2600CCC2D1 /* challenge_4App.swift */; };
		DD52DF382BF67D2600CCC2D1 /* ContentView.swift in Sources */ = {isa = PBXBuildFile; fileRef = DD52DF372BF67D2600CCC2D1 /* ContentView.swift */; };
		DD52DF3A2BF67D2600CCC2D1 /* Item.swift in Sources */ = {isa = PBXBuildFile; fileRef = DD52DF392BF67D2600CCC2D1 /* Item.swift */; };
		DD52DF3C2BF67D2800CCC2D1 /* Assets.xcassets in Resources */ = {isa = PBXBuildFile; fileRef = DD52DF3B2BF67D2800CCC2D1 /* Assets.xcassets */; };
		DD52DF3F2BF67D2800CCC2D1 /* Preview Assets.xcassets in Resources */ = {isa = PBXBuildFile; fileRef = DD52DF3E2BF67D2800CCC2D1 /* Preview Assets.xcassets */; };
		DD8AA7DD2BFBA2E800A36BE4 /* Info.swift in Sources */ = {isa = PBXBuildFile; fileRef = DD8AA7DC2BFBA2E800A36BE4 /* Info.swift */; };
		DD8AA7DF2BFBA3F200A36BE4 /* Question.swift in Sources */ = {isa = PBXBuildFile; fileRef = DD8AA7DE2BFBA3F200A36BE4 /* Question.swift */; };
/* End PBXBuildFile section */

/* Begin PBXFileReference section */
		3BE012A42BF8F87900391547 /* Forms1.swift */ = {isa = PBXFileReference; lastKnownFileType = sourcecode.swift; path = Forms1.swift; sourceTree = "<group>"; };
		3BE012A62BF8F88600391547 /* Forms2.swift */ = {isa = PBXFileReference; lastKnownFileType = sourcecode.swift; path = Forms2.swift; sourceTree = "<group>"; };
		3BE012A82BF8F89000391547 /* Forms3.swift */ = {isa = PBXFileReference; lastKnownFileType = sourcecode.swift; path = Forms3.swift; sourceTree = "<group>"; };
		3BE012AA2BF8F8BC00391547 /* Forms4.swift */ = {isa = PBXFileReference; lastKnownFileType = sourcecode.swift; path = Forms4.swift; sourceTree = "<group>"; };
		3BE012AC2BF8F8FF00391547 /* Home.swift */ = {isa = PBXFileReference; lastKnownFileType = sourcecode.swift; path = Home.swift; sourceTree = "<group>"; };
		3BE012AE2BF8F95A00391547 /* ModalEdition.swift */ = {isa = PBXFileReference; lastKnownFileType = sourcecode.swift; path = ModalEdition.swift; sourceTree = "<group>"; };
		3BE012B02BF8FC1D00391547 /* BigList.swift */ = {isa = PBXFileReference; lastKnownFileType = sourcecode.swift; path = BigList.swift; sourceTree = "<group>"; };
		3BE012B22BF8FCB000391547 /* Crud.swift */ = {isa = PBXFileReference; lastKnownFileType = sourcecode.swift; path = Crud.swift; sourceTree = "<group>"; };
		DD52DF322BF67D2600CCC2D1 /* challenge-4.app */ = {isa = PBXFileReference; explicitFileType = wrapper.application; includeInIndex = 0; path = "challenge-4.app"; sourceTree = BUILT_PRODUCTS_DIR; };
		DD52DF352BF67D2600CCC2D1 /* challenge_4App.swift */ = {isa = PBXFileReference; lastKnownFileType = sourcecode.swift; path = challenge_4App.swift; sourceTree = "<group>"; };
		DD52DF372BF67D2600CCC2D1 /* ContentView.swift */ = {isa = PBXFileReference; lastKnownFileType = sourcecode.swift; path = ContentView.swift; sourceTree = "<group>"; };
		DD52DF392BF67D2600CCC2D1 /* Item.swift */ = {isa = PBXFileReference; lastKnownFileType = sourcecode.swift; path = Item.swift; sourceTree = "<group>"; };
		DD52DF3B2BF67D2800CCC2D1 /* Assets.xcassets */ = {isa = PBXFileReference; lastKnownFileType = folder.assetcatalog; path = Assets.xcassets; sourceTree = "<group>"; };
		DD52DF3E2BF67D2800CCC2D1 /* Preview Assets.xcassets */ = {isa = PBXFileReference; lastKnownFileType = folder.assetcatalog; path = "Preview Assets.xcassets"; sourceTree = "<group>"; };
		DD8AA7DC2BFBA2E800A36BE4 /* Info.swift */ = {isa = PBXFileReference; lastKnownFileType = sourcecode.swift; path = Info.swift; sourceTree = "<group>"; };
		DD8AA7DE2BFBA3F200A36BE4 /* Question.swift */ = {isa = PBXFileReference; lastKnownFileType = sourcecode.swift; path = Question.swift; sourceTree = "<group>"; };
/* End PBXFileReference section */

/* Begin PBXFrameworksBuildPhase section */
		DD52DF2F2BF67D2600CCC2D1 /* Frameworks */ = {
			isa = PBXFrameworksBuildPhase;
			buildActionMask = 2147483647;
			files = (
			);
			runOnlyForDeploymentPostprocessing = 0;
		};
/* End PBXFrameworksBuildPhase section */

/* Begin PBXGroup section */
		3BE012A12BF8F55300391547 /* View */ = {
			isa = PBXGroup;
			children = (
				DD52DF372BF67D2600CCC2D1 /* ContentView.swift */,
				3BE012AC2BF8F8FF00391547 /* Home.swift */,
				3BE012A42BF8F87900391547 /* Forms1.swift */,
				3BE012A62BF8F88600391547 /* Forms2.swift */,
				3BE012A82BF8F89000391547 /* Forms3.swift */,
				3BE012AA2BF8F8BC00391547 /* Forms4.swift */,
				3BE012AE2BF8F95A00391547 /* ModalEdition.swift */,
				3BE012B02BF8FC1D00391547 /* BigList.swift */,
			);
			path = View;
			sourceTree = "<group>";
		};
		3BE012A22BF8F63C00391547 /* Model */ = {
			isa = PBXGroup;
			children = (
				DD52DF392BF67D2600CCC2D1 /* Item.swift */,
				DD8AA7DC2BFBA2E800A36BE4 /* Info.swift */,
				DD8AA7DE2BFBA3F200A36BE4 /* Question.swift */,
			);
			path = Model;
			sourceTree = "<group>";
		};
		3BE012A32BF8F7AA00391547 /* Controller */ = {
			isa = PBXGroup;
			children = (
				3BE012B22BF8FCB000391547 /* Crud.swift */,
			);
			path = Controller;
			sourceTree = "<group>";
		};
		DD52DF292BF67D2600CCC2D1 = {
			isa = PBXGroup;
			children = (
				DD52DF342BF67D2600CCC2D1 /* challenge-4 */,
				DD52DF332BF67D2600CCC2D1 /* Products */,
			);
			sourceTree = "<group>";
		};
		DD52DF332BF67D2600CCC2D1 /* Products */ = {
			isa = PBXGroup;
			children = (
				DD52DF322BF67D2600CCC2D1 /* challenge-4.app */,
			);
			name = Products;
			sourceTree = "<group>";
		};
		DD52DF342BF67D2600CCC2D1 /* challenge-4 */ = {
			isa = PBXGroup;
			children = (
				DD52DF3D2BF67D2800CCC2D1 /* Preview Content */,
				DD52DF352BF67D2600CCC2D1 /* challenge_4App.swift */,
				3BE012A22BF8F63C00391547 /* Model */,
				3BE012A12BF8F55300391547 /* View */,
				3BE012A32BF8F7AA00391547 /* Controller */,
				DD52DF3B2BF67D2800CCC2D1 /* Assets.xcassets */,
			);
			path = "challenge-4";
			sourceTree = "<group>";
		};
		DD52DF3D2BF67D2800CCC2D1 /* Preview Content */ = {
			isa = PBXGroup;
			children = (
				DD52DF3E2BF67D2800CCC2D1 /* Preview Assets.xcassets */,
			);
			path = "Preview Content";
			sourceTree = "<group>";
		};
/* End PBXGroup section */

/* Begin PBXNativeTarget section */
		DD52DF312BF67D2600CCC2D1 /* challenge-4 */ = {
			isa = PBXNativeTarget;
			buildConfigurationList = DD52DF422BF67D2800CCC2D1 /* Build configuration list for PBXNativeTarget "challenge-4" */;
			buildPhases = (
				DD52DF2E2BF67D2600CCC2D1 /* Sources */,
				DD52DF2F2BF67D2600CCC2D1 /* Frameworks */,
				DD52DF302BF67D2600CCC2D1 /* Resources */,
			);
			buildRules = (
			);
			dependencies = (
			);
			name = "challenge-4";
			productName = "challenge-4";
			productReference = DD52DF322BF67D2600CCC2D1 /* challenge-4.app */;
			productType = "com.apple.product-type.application";
		};
/* End PBXNativeTarget section */

/* Begin PBXProject section */
		DD52DF2A2BF67D2600CCC2D1 /* Project object */ = {
			isa = PBXProject;
			attributes = {
				BuildIndependentTargetsInParallel = 1;
				LastSwiftUpdateCheck = 1520;
				LastUpgradeCheck = 1520;
				TargetAttributes = {
					DD52DF312BF67D2600CCC2D1 = {
						CreatedOnToolsVersion = 15.2;
					};
				};
			};
			buildConfigurationList = DD52DF2D2BF67D2600CCC2D1 /* Build configuration list for PBXProject "challenge-4" */;
			compatibilityVersion = "Xcode 14.0";
			developmentRegion = en;
			hasScannedForEncodings = 0;
			knownRegions = (
				en,
				Base,
			);
			mainGroup = DD52DF292BF67D2600CCC2D1;
			productRefGroup = DD52DF332BF67D2600CCC2D1 /* Products */;
			projectDirPath = "";
			projectRoot = "";
			targets = (
				DD52DF312BF67D2600CCC2D1 /* challenge-4 */,
			);
		};
/* End PBXProject section */

/* Begin PBXResourcesBuildPhase section */
		DD52DF302BF67D2600CCC2D1 /* Resources */ = {
			isa = PBXResourcesBuildPhase;
			buildActionMask = 2147483647;
			files = (
				DD52DF3F2BF67D2800CCC2D1 /* Preview Assets.xcassets in Resources */,
				DD52DF3C2BF67D2800CCC2D1 /* Assets.xcassets in Resources */,
			);
			runOnlyForDeploymentPostprocessing = 0;
		};
/* End PBXResourcesBuildPhase section */

/* Begin PBXSourcesBuildPhase section */
		DD52DF2E2BF67D2600CCC2D1 /* Sources */ = {
			isa = PBXSourcesBuildPhase;
			buildActionMask = 2147483647;
			files = (
				3BE012A52BF8F87900391547 /* Forms1.swift in Sources */,
				DD52DF382BF67D2600CCC2D1 /* ContentView.swift in Sources */,
				3BE012A92BF8F89000391547 /* Forms3.swift in Sources */,
				3BE012AB2BF8F8BC00391547 /* Forms4.swift in Sources */,
				DD52DF3A2BF67D2600CCC2D1 /* Item.swift in Sources */,
				3BE012A72BF8F88600391547 /* Forms2.swift in Sources */,
				3BE012B12BF8FC1D00391547 /* BigList.swift in Sources */,
				3BE012AF2BF8F95A00391547 /* ModalEdition.swift in Sources */,
				DD8AA7DF2BFBA3F200A36BE4 /* Question.swift in Sources */,
				3BE012AD2BF8F8FF00391547 /* Home.swift in Sources */,
				DD8AA7DD2BFBA2E800A36BE4 /* Info.swift in Sources */,
				DD52DF362BF67D2600CCC2D1 /* challenge_4App.swift in Sources */,
				3BE012B32BF8FCB000391547 /* Crud.swift in Sources */,
			);
			runOnlyForDeploymentPostprocessing = 0;
		};
/* End PBXSourcesBuildPhase section */

/* Begin XCBuildConfiguration section */
		DD52DF402BF67D2800CCC2D1 /* Debug */ = {
			isa = XCBuildConfiguration;
			buildSettings = {
				ALWAYS_SEARCH_USER_PATHS = NO;
				ASSETCATALOG_COMPILER_GENERATE_SWIFT_ASSET_SYMBOL_EXTENSIONS = YES;
				CLANG_ANALYZER_NONNULL = YES;
				CLANG_ANALYZER_NUMBER_OBJECT_CONVERSION = YES_AGGRESSIVE;
				CLANG_CXX_LANGUAGE_STANDARD = "gnu++20";
				CLANG_ENABLE_MODULES = YES;
				CLANG_ENABLE_OBJC_ARC = YES;
				CLANG_ENABLE_OBJC_WEAK = YES;
				CLANG_WARN_BLOCK_CAPTURE_AUTORELEASING = YES;
				CLANG_WARN_BOOL_CONVERSION = YES;
				CLANG_WARN_COMMA = YES;
				CLANG_WARN_CONSTANT_CONVERSION = YES;
				CLANG_WARN_DEPRECATED_OBJC_IMPLEMENTATIONS = YES;
				CLANG_WARN_DIRECT_OBJC_ISA_USAGE = YES_ERROR;
				CLANG_WARN_DOCUMENTATION_COMMENTS = YES;
				CLANG_WARN_EMPTY_BODY = YES;
				CLANG_WARN_ENUM_CONVERSION = YES;
				CLANG_WARN_INFINITE_RECURSION = YES;
				CLANG_WARN_INT_CONVERSION = YES;
				CLANG_WARN_NON_LITERAL_NULL_CONVERSION = YES;
				CLANG_WARN_OBJC_IMPLICIT_RETAIN_SELF = YES;
				CLANG_WARN_OBJC_LITERAL_CONVERSION = YES;
				CLANG_WARN_OBJC_ROOT_CLASS = YES_ERROR;
				CLANG_WARN_QUOTED_INCLUDE_IN_FRAMEWORK_HEADER = YES;
				CLANG_WARN_RANGE_LOOP_ANALYSIS = YES;
				CLANG_WARN_STRICT_PROTOTYPES = YES;
				CLANG_WARN_SUSPICIOUS_MOVE = YES;
				CLANG_WARN_UNGUARDED_AVAILABILITY = YES_AGGRESSIVE;
				CLANG_WARN_UNREACHABLE_CODE = YES;
				CLANG_WARN__DUPLICATE_METHOD_MATCH = YES;
				COPY_PHASE_STRIP = NO;
				DEBUG_INFORMATION_FORMAT = dwarf;
				ENABLE_STRICT_OBJC_MSGSEND = YES;
				ENABLE_TESTABILITY = YES;
				ENABLE_USER_SCRIPT_SANDBOXING = YES;
				GCC_C_LANGUAGE_STANDARD = gnu17;
				GCC_DYNAMIC_NO_PIC = NO;
				GCC_NO_COMMON_BLOCKS = YES;
				GCC_OPTIMIZATION_LEVEL = 0;
				GCC_PREPROCESSOR_DEFINITIONS = (
					"DEBUG=1",
					"$(inherited)",
				);
				GCC_WARN_64_TO_32_BIT_CONVERSION = YES;
				GCC_WARN_ABOUT_RETURN_TYPE = YES_ERROR;
				GCC_WARN_UNDECLARED_SELECTOR = YES;
				GCC_WARN_UNINITIALIZED_AUTOS = YES_AGGRESSIVE;
				GCC_WARN_UNUSED_FUNCTION = YES;
				GCC_WARN_UNUSED_VARIABLE = YES;
				IPHONEOS_DEPLOYMENT_TARGET = 17.2;
				LOCALIZATION_PREFERS_STRING_CATALOGS = YES;
				MTL_ENABLE_DEBUG_INFO = INCLUDE_SOURCE;
				MTL_FAST_MATH = YES;
				ONLY_ACTIVE_ARCH = YES;
				SDKROOT = iphoneos;
				SWIFT_ACTIVE_COMPILATION_CONDITIONS = "DEBUG $(inherited)";
				SWIFT_OPTIMIZATION_LEVEL = "-Onone";
			};
			name = Debug;
		};
		DD52DF412BF67D2800CCC2D1 /* Release */ = {
			isa = XCBuildConfiguration;
			buildSettings = {
				ALWAYS_SEARCH_USER_PATHS = NO;
				ASSETCATALOG_COMPILER_GENERATE_SWIFT_ASSET_SYMBOL_EXTENSIONS = YES;
				CLANG_ANALYZER_NONNULL = YES;
				CLANG_ANALYZER_NUMBER_OBJECT_CONVERSION = YES_AGGRESSIVE;
				CLANG_CXX_LANGUAGE_STANDARD = "gnu++20";
				CLANG_ENABLE_MODULES = YES;
				CLANG_ENABLE_OBJC_ARC = YES;
				CLANG_ENABLE_OBJC_WEAK = YES;
				CLANG_WARN_BLOCK_CAPTURE_AUTORELEASING = YES;
				CLANG_WARN_BOOL_CONVERSION = YES;
				CLANG_WARN_COMMA = YES;
				CLANG_WARN_CONSTANT_CONVERSION = YES;
				CLANG_WARN_DEPRECATED_OBJC_IMPLEMENTATIONS = YES;
				CLANG_WARN_DIRECT_OBJC_ISA_USAGE = YES_ERROR;
				CLANG_WARN_DOCUMENTATION_COMMENTS = YES;
				CLANG_WARN_EMPTY_BODY = YES;
				CLANG_WARN_ENUM_CONVERSION = YES;
				CLANG_WARN_INFINITE_RECURSION = YES;
				CLANG_WARN_INT_CONVERSION = YES;
				CLANG_WARN_NON_LITERAL_NULL_CONVERSION = YES;
				CLANG_WARN_OBJC_IMPLICIT_RETAIN_SELF = YES;
				CLANG_WARN_OBJC_LITERAL_CONVERSION = YES;
				CLANG_WARN_OBJC_ROOT_CLASS = YES_ERROR;
				CLANG_WARN_QUOTED_INCLUDE_IN_FRAMEWORK_HEADER = YES;
				CLANG_WARN_RANGE_LOOP_ANALYSIS = YES;
				CLANG_WARN_STRICT_PROTOTYPES = YES;
				CLANG_WARN_SUSPICIOUS_MOVE = YES;
				CLANG_WARN_UNGUARDED_AVAILABILITY = YES_AGGRESSIVE;
				CLANG_WARN_UNREACHABLE_CODE = YES;
				CLANG_WARN__DUPLICATE_METHOD_MATCH = YES;
				COPY_PHASE_STRIP = NO;
				DEBUG_INFORMATION_FORMAT = "dwarf-with-dsym";
				ENABLE_NS_ASSERTIONS = NO;
				ENABLE_STRICT_OBJC_MSGSEND = YES;
				ENABLE_USER_SCRIPT_SANDBOXING = YES;
				GCC_C_LANGUAGE_STANDARD = gnu17;
				GCC_NO_COMMON_BLOCKS = YES;
				GCC_WARN_64_TO_32_BIT_CONVERSION = YES;
				GCC_WARN_ABOUT_RETURN_TYPE = YES_ERROR;
				GCC_WARN_UNDECLARED_SELECTOR = YES;
				GCC_WARN_UNINITIALIZED_AUTOS = YES_AGGRESSIVE;
				GCC_WARN_UNUSED_FUNCTION = YES;
				GCC_WARN_UNUSED_VARIABLE = YES;
				IPHONEOS_DEPLOYMENT_TARGET = 17.2;
				LOCALIZATION_PREFERS_STRING_CATALOGS = YES;
				MTL_ENABLE_DEBUG_INFO = NO;
				MTL_FAST_MATH = YES;
				SDKROOT = iphoneos;
				SWIFT_COMPILATION_MODE = wholemodule;
				VALIDATE_PRODUCT = YES;
			};
			name = Release;
		};
		DD52DF432BF67D2800CCC2D1 /* Debug */ = {
			isa = XCBuildConfiguration;
			buildSettings = {
				ASSETCATALOG_COMPILER_APPICON_NAME = AppIcon;
				ASSETCATALOG_COMPILER_GLOBAL_ACCENT_COLOR_NAME = AccentColor;
				CODE_SIGN_STYLE = Automatic;
				CURRENT_PROJECT_VERSION = 1;
				DEVELOPMENT_ASSET_PATHS = "\"challenge-4/Preview Content\"";
				DEVELOPMENT_TEAM = FKY85B2LZ3;
				ENABLE_PREVIEWS = YES;
				GENERATE_INFOPLIST_FILE = YES;
				INFOPLIST_KEY_UIApplicationSceneManifest_Generation = YES;
				INFOPLIST_KEY_UIApplicationSupportsIndirectInputEvents = YES;
				INFOPLIST_KEY_UILaunchScreen_Generation = YES;
				INFOPLIST_KEY_UISupportedInterfaceOrientations_iPad = "UIInterfaceOrientationPortrait UIInterfaceOrientationPortraitUpsideDown UIInterfaceOrientationLandscapeLeft UIInterfaceOrientationLandscapeRight";
				INFOPLIST_KEY_UISupportedInterfaceOrientations_iPhone = "UIInterfaceOrientationPortrait UIInterfaceOrientationLandscapeLeft UIInterfaceOrientationLandscapeRight";
				LD_RUNPATH_SEARCH_PATHS = (
					"$(inherited)",
					"@executable_path/Frameworks",
				);
				MARKETING_VERSION = 1.0;
				PRODUCT_BUNDLE_IDENTIFIER = "com.fneto.challenge-4";
				PRODUCT_NAME = "$(TARGET_NAME)";
				SWIFT_EMIT_LOC_STRINGS = YES;
				SWIFT_VERSION = 5.0;
				TARGETED_DEVICE_FAMILY = "1,2";
			};
			name = Debug;
		};
		DD52DF442BF67D2800CCC2D1 /* Release */ = {
			isa = XCBuildConfiguration;
			buildSettings = {
				ASSETCATALOG_COMPILER_APPICON_NAME = AppIcon;
				ASSETCATALOG_COMPILER_GLOBAL_ACCENT_COLOR_NAME = AccentColor;
				CODE_SIGN_STYLE = Automatic;
				CURRENT_PROJECT_VERSION = 1;
				DEVELOPMENT_ASSET_PATHS = "\"challenge-4/Preview Content\"";
				DEVELOPMENT_TEAM = FKY85B2LZ3;
				ENABLE_PREVIEWS = YES;
				GENERATE_INFOPLIST_FILE = YES;
				INFOPLIST_KEY_UIApplicationSceneManifest_Generation = YES;
				INFOPLIST_KEY_UIApplicationSupportsIndirectInputEvents = YES;
				INFOPLIST_KEY_UILaunchScreen_Generation = YES;
				INFOPLIST_KEY_UISupportedInterfaceOrientations_iPad = "UIInterfaceOrientationPortrait UIInterfaceOrientationPortraitUpsideDown UIInterfaceOrientationLandscapeLeft UIInterfaceOrientationLandscapeRight";
				INFOPLIST_KEY_UISupportedInterfaceOrientations_iPhone = "UIInterfaceOrientationPortrait UIInterfaceOrientationLandscapeLeft UIInterfaceOrientationLandscapeRight";
				LD_RUNPATH_SEARCH_PATHS = (
					"$(inherited)",
					"@executable_path/Frameworks",
				);
				MARKETING_VERSION = 1.0;
				PRODUCT_BUNDLE_IDENTIFIER = "com.fneto.challenge-4";
				PRODUCT_NAME = "$(TARGET_NAME)";
				SWIFT_EMIT_LOC_STRINGS = YES;
				SWIFT_VERSION = 5.0;
				TARGETED_DEVICE_FAMILY = "1,2";
			};
			name = Release;
		};
/* End XCBuildConfiguration section */

/* Begin XCConfigurationList section */
		DD52DF2D2BF67D2600CCC2D1 /* Build configuration list for PBXProject "challenge-4" */ = {
			isa = XCConfigurationList;
			buildConfigurations = (
				DD52DF402BF67D2800CCC2D1 /* Debug */,
				DD52DF412BF67D2800CCC2D1 /* Release */,
			);
			defaultConfigurationIsVisible = 0;
			defaultConfigurationName = Release;
		};
		DD52DF422BF67D2800CCC2D1 /* Build configuration list for PBXNativeTarget "challenge-4" */ = {
			isa = XCConfigurationList;
			buildConfigurations = (
				DD52DF432BF67D2800CCC2D1 /* Debug */,
				DD52DF442BF67D2800CCC2D1 /* Release */,
			);
			defaultConfigurationIsVisible = 0;
			defaultConfigurationName = Release;
		};
/* End XCConfigurationList section */
	};
	rootObject = DD52DF2A2BF67D2600CCC2D1 /* Project object */;
}
